
Microsoft Visual Studio Solution File, Format Version 12.00
# Visual Studio 15
VisualStudioVersion = 15.0.28307.645
MinimumVisualStudioVersion = 10.0.40219.1
Project("{FAE04EC0-301F-11D3-BF4B-00C04F79EFBC}") = "PP4.UI", "PP4.UI\PP4.UI.csproj", "{2484671A-3683-4490-8910-AABB88EA0EFA}"
EndProject
Project("{FAE04EC0-301F-11D3-BF4B-00C04F79EFBC}") = "PP4.BL", "PP4.BL\PP4.BL.csproj", "{D5A001AE-C2D3-4170-B56D-B39D4651CD83}"
EndProject
Project("{FAE04EC0-301F-11D3-BF4B-00C04F79EFBC}") = "PP4.DAL", "PP4.DAL\PP4.DAL.csproj", "{AC72CF14-FAEC-4915-9C1C-72A3ADC25A80}"
EndProject
Project("{FAE04EC0-301F-11D3-BF4B-00C04F79EFBC}") = "PP4.CM", "PP4.CM\PP4.CM.csproj", "{3BCB6937-7457-49EA-8055-336429C3650B}"
EndProject
Global
	GlobalSection(SolutionConfigurationPlatforms) = preSolution
		Debug|Any CPU = Debug|Any CPU
		Release|Any CPU = Release|Any CPU
	EndGlobalSection
	GlobalSection(ProjectConfigurationPlatforms) = postSolution
		{2484671A-3683-4490-8910-AABB88EA0EFA}.Debug|Any CPU.ActiveCfg = Debug|Any CPU
		{2484671A-3683-4490-8910-AABB88EA0EFA}.Debug|Any CPU.Build.0 = Debug|Any CPU
		{2484671A-3683-4490-8910-AABB88EA0EFA}.Release|Any CPU.ActiveCfg = Release|Any CPU
		{2484671A-3683-4490-8910-AABB88EA0EFA}.Release|Any CPU.Build.0 = Release|Any CPU
		{D5A001AE-C2D3-4170-B56D-B39D4651CD83}.Debug|Any CPU.ActiveCfg = Debug|Any CPU
		{D5A001AE-C2D3-4170-B56D-B39D4651CD83}.Debug|Any CPU.Build.0 = Debug|Any CPU
		{D5A001AE-C2D3-4170-B56D-B39D4651CD83}.Release|Any CPU.ActiveCfg = Release|Any CPU
		{D5A001AE-C2D3-4170-B56D-B39D4651CD83}.Release|Any CPU.Build.0 = Release|Any CPU
		{AC72CF14-FAEC-4915-9C1C-72A3ADC25A80}.Debug|Any CPU.ActiveCfg = Debug|Any CPU
		{AC72CF14-FAEC-4915-9C1C-72A3ADC25A80}.Debug|Any CPU.Build.0 = Debug|Any CPU
		{AC72CF14-FAEC-4915-9C1C-72A3ADC25A80}.Release|Any CPU.ActiveCfg = Release|Any CPU
		{AC72CF14-FAEC-4915-9C1C-72A3ADC25A80}.Release|Any CPU.Build.0 = Release|Any CPU
		{3BCB6937-7457-49EA-8055-336429C3650B}.Debug|Any CPU.ActiveCfg = Debug|Any CPU
		{3BCB6937-7457-49EA-8055-336429C3650B}.Debug|Any CPU.Build.0 = Debug|Any CPU
		{3BCB6937-7457-49EA-8055-336429C3650B}.Release|Any CPU.ActiveCfg = Release|Any CPU
		{3BCB6937-7457-49EA-8055-336429C3650B}.Release|Any CPU.Build.0 = Release|Any CPU
	EndGlobalSection
	GlobalSection(SolutionProperties) = preSolution
		HideSolutionNode = FALSE
	EndGlobalSection
	GlobalSection(ExtensibilityGlobals) = postSolution
		SolutionGuid = {780A55C0-B373-4173-BF38-D8B5BE5318C3}
	EndGlobalSection
EndGlobal
